
Microsoft Visual Studio Solution File, Format Version 12.00
# Visual Studio Version 16
VisualStudioVersion = 16.0.31129.286
MinimumVisualStudioVersion = 10.0.40219.1
Project("{FAE04EC0-301F-11D3-BF4B-00C04F79EFBC}") = "TestTask", "TestTask\TestTask.csproj", "{3D0C80F8-8DCC-4CB0-A7CD-03D962090BF3}"
EndProject
Global
	GlobalSection(SolutionConfigurationPlatforms) = preSolution
		Debug|Any CPU = Debug|Any CPU
		Release|Any CPU = Release|Any CPU
	EndGlobalSection
	GlobalSection(ProjectConfigurationPlatforms) = postSolution
		{3D0C80F8-8DCC-4CB0-A7CD-03D962090BF3}.Debug|Any CPU.ActiveCfg = Debug|Any CPU
		{3D0C80F8-8DCC-4CB0-A7CD-03D962090BF3}.Debug|Any CPU.Build.0 = Debug|Any CPU
		{3D0C80F8-8DCC-4CB0-A7CD-03D962090BF3}.Release|Any CPU.ActiveCfg = Release|Any CPU
		{3D0C80F8-8DCC-4CB0-A7CD-03D962090BF3}.Release|Any CPU.Build.0 = Release|Any CPU
	EndGlobalSection
	GlobalSection(SolutionProperties) = preSolution
		HideSolutionNode = FALSE
	EndGlobalSection
	GlobalSection(ExtensibilityGlobals) = postSolution
		SolutionGuid = {0796B068-90B0-4FD7-8F79-82A2FFD19FDC}
	EndGlobalSection
EndGlobal
